
Microsoft Visual Studio Solution File, Format Version 12.00
# Visual Studio Version 16
VisualStudioVersion = 16.0.34601.136
MinimumVisualStudioVersion = 10.0.40219.1
Project("{FAE04EC0-301F-11D3-BF4B-00C04F79EFBC}") = "tcp_ip", "tcp_ip\tcp_ip.csproj", "{86A60098-4508-4E82-B807-FCE48A091541}"
EndProject
Global
	GlobalSection(SolutionConfigurationPlatforms) = preSolution
		Debug|Any CPU = Debug|Any CPU
		Release|Any CPU = Release|Any CPU
	EndGlobalSection
	GlobalSection(ProjectConfigurationPlatforms) = postSolution
		{86A60098-4508-4E82-B807-FCE48A091541}.Debug|Any CPU.ActiveCfg = Debug|Any CPU
		{86A60098-4508-4E82-B807-FCE48A091541}.Debug|Any CPU.Build.0 = Debug|Any CPU
		{86A60098-4508-4E82-B807-FCE48A091541}.Release|Any CPU.ActiveCfg = Release|Any CPU
		{86A60098-4508-4E82-B807-FCE48A091541}.Release|Any CPU.Build.0 = Release|Any CPU
	EndGlobalSection
	GlobalSection(SolutionProperties) = preSolution
		HideSolutionNode = FALSE
	EndGlobalSection
	GlobalSection(ExtensibilityGlobals) = postSolution
		SolutionGuid = {A0025032-B869-4BAE-A0F2-513A76F34CA1}
	EndGlobalSection
EndGlobal
